
Microsoft Visual Studio Solution File, Format Version 12.00
# Visual Studio Version 17
VisualStudioVersion = 17.8.34525.116
MinimumVisualStudioVersion = 10.0.40219.1
Project("{FAE04EC0-301F-11D3-BF4B-00C04F79EFBC}") = "UMFGProgramacaoIVExc1", "UMFGProgramacaoIVExc1\UMFGProgramacaoIVExc1.csproj", "{772F75D2-DBFC-4124-B5F1-FDC9211C9A88}"
EndProject
Global
	GlobalSection(SolutionConfigurationPlatforms) = preSolution
		Debug|Any CPU = Debug|Any CPU
		Release|Any CPU = Release|Any CPU
	EndGlobalSection
	GlobalSection(ProjectConfigurationPlatforms) = postSolution
		{772F75D2-DBFC-4124-B5F1-FDC9211C9A88}.Debug|Any CPU.ActiveCfg = Debug|Any CPU
		{772F75D2-DBFC-4124-B5F1-FDC9211C9A88}.Debug|Any CPU.Build.0 = Debug|Any CPU
		{772F75D2-DBFC-4124-B5F1-FDC9211C9A88}.Release|Any CPU.ActiveCfg = Release|Any CPU
		{772F75D2-DBFC-4124-B5F1-FDC9211C9A88}.Release|Any CPU.Build.0 = Release|Any CPU
	EndGlobalSection
	GlobalSection(SolutionProperties) = preSolution
		HideSolutionNode = FALSE
	EndGlobalSection
	GlobalSection(ExtensibilityGlobals) = postSolution
		SolutionGuid = {904F786B-9CEC-463E-A15E-F68F31DD8A2E}
	EndGlobalSection
EndGlobal
