
Microsoft Visual Studio Solution File, Format Version 12.00
# Visual Studio Version 17
VisualStudioVersion = 17.8.34525.116
MinimumVisualStudioVersion = 10.0.40219.1
Project("{FAE04EC0-301F-11D3-BF4B-00C04F79EFBC}") = "UMFG.ProgramacaoIV.Exc4", "UMFG.ProgramacaoIV.Exc4\UMFG.ProgramacaoIV.Exc4.csproj", "{0E8FD045-F13A-47D1-8653-C35249188BCE}"
EndProject
Global
	GlobalSection(SolutionConfigurationPlatforms) = preSolution
		Debug|Any CPU = Debug|Any CPU
		Release|Any CPU = Release|Any CPU
	EndGlobalSection
	GlobalSection(ProjectConfigurationPlatforms) = postSolution
		{0E8FD045-F13A-47D1-8653-C35249188BCE}.Debug|Any CPU.ActiveCfg = Debug|Any CPU
		{0E8FD045-F13A-47D1-8653-C35249188BCE}.Debug|Any CPU.Build.0 = Debug|Any CPU
		{0E8FD045-F13A-47D1-8653-C35249188BCE}.Release|Any CPU.ActiveCfg = Release|Any CPU
		{0E8FD045-F13A-47D1-8653-C35249188BCE}.Release|Any CPU.Build.0 = Release|Any CPU
	EndGlobalSection
	GlobalSection(SolutionProperties) = preSolution
		HideSolutionNode = FALSE
	EndGlobalSection
	GlobalSection(ExtensibilityGlobals) = postSolution
		SolutionGuid = {29A195C0-F117-4FDB-B27A-849D1A74F6B5}
	EndGlobalSection
EndGlobal
